Microsoft Visual Studio Solution File, Format Version 11.00
# Visual Studio 2008

Project("{99DEA780-0713-3396-A7B8-ED70578AC6AE}") = "Login", "Assembly-CSharp.csproj", "{37014AF6-749A-445F-366C-CDEF3C328FEF}"
EndProject
Global
	GlobalSection(SolutionConfigurationPlatforms) = preSolution
		Debug|Any CPU = Debug|Any CPU
		Release|Any CPU = Release|Any CPU
	EndGlobalSection
	GlobalSection(ProjectConfigurationPlatforms) = postSolution
		{37014AF6-749A-445F-366C-CDEF3C328FEF}.Debug|Any CPU.ActiveCfg = Debug|Any CPU
		{37014AF6-749A-445F-366C-CDEF3C328FEF}.Debug|Any CPU.Build.0 = Debug|Any CPU
		{37014AF6-749A-445F-366C-CDEF3C328FEF}.Release|Any CPU.ActiveCfg = Release|Any CPU
		{37014AF6-749A-445F-366C-CDEF3C328FEF}.Release|Any CPU.Build.0 = Release|Any CPU
	EndGlobalSection
	GlobalSection(SolutionProperties) = preSolution
		HideSolutionNode = FALSE
	EndGlobalSection
	GlobalSection(MonoDevelopProperties) = preSolution
		StartupItem = Assembly-CSharp.csproj
	EndGlobalSection
EndGlobal
